
Microsoft Visual Studio Solution File, Format Version 12.00
# Visual Studio Express 2012 for Web
Project("{FAE04EC0-301F-11D3-BF4B-00C04F79EFBC}") = "WCFTicTacToe", "WCFTicTacToe\WCFTicTacToe.csproj", "{A2AE345A-3AAB-49CB-8053-9950A236B561}"
EndProject
Global
	GlobalSection(SolutionConfigurationPlatforms) = preSolution
		Debug|Any CPU = Debug|Any CPU
		Release|Any CPU = Release|Any CPU
	EndGlobalSection
	GlobalSection(ProjectConfigurationPlatforms) = postSolution
		{A2AE345A-3AAB-49CB-8053-9950A236B561}.Debug|Any CPU.ActiveCfg = Debug|Any CPU
		{A2AE345A-3AAB-49CB-8053-9950A236B561}.Debug|Any CPU.Build.0 = Debug|Any CPU
		{A2AE345A-3AAB-49CB-8053-9950A236B561}.Release|Any CPU.ActiveCfg = Release|Any CPU
		{A2AE345A-3AAB-49CB-8053-9950A236B561}.Release|Any CPU.Build.0 = Release|Any CPU
	EndGlobalSection
	GlobalSection(SolutionProperties) = preSolution
		HideSolutionNode = FALSE
	EndGlobalSection
EndGlobal
